
Microsoft Visual Studio Solution File, Format Version 12.00
# Visual Studio 14
VisualStudioVersion = 14.0.25420.1
MinimumVisualStudioVersion = 10.0.40219.1
Project("{FAE04EC0-301F-11D3-BF4B-00C04F79EFBC}") = "BPRCoronaFighter", "BPRCoronaFighter\BPRCoronaFighter.csproj", "{429DE5B2-A95A-4913-921D-3B0CF75476B8}"
EndProject
Project("{FAE04EC0-301F-11D3-BF4B-00C04F79EFBC}") = "DataLibrary", "DataLibrary\DataLibrary.csproj", "{0541280E-D0B2-4626-9BCE-7DAF618E6BC0}"
EndProject
Project("{FAE04EC0-301F-11D3-BF4B-00C04F79EFBC}") = "UnitTestProject", "UnitTestProject1\UnitTestProject.csproj", "{531DB150-0C22-4EF5-97F2-72B0843891B5}"
EndProject
Global
	GlobalSection(SolutionConfigurationPlatforms) = preSolution
		Debug|Any CPU = Debug|Any CPU
		Release|Any CPU = Release|Any CPU
	EndGlobalSection
	GlobalSection(ProjectConfigurationPlatforms) = postSolution
		{429DE5B2-A95A-4913-921D-3B0CF75476B8}.Debug|Any CPU.ActiveCfg = Debug|Any CPU
		{429DE5B2-A95A-4913-921D-3B0CF75476B8}.Debug|Any CPU.Build.0 = Debug|Any CPU
		{429DE5B2-A95A-4913-921D-3B0CF75476B8}.Release|Any CPU.ActiveCfg = Release|Any CPU
		{429DE5B2-A95A-4913-921D-3B0CF75476B8}.Release|Any CPU.Build.0 = Release|Any CPU
		{0541280E-D0B2-4626-9BCE-7DAF618E6BC0}.Debug|Any CPU.ActiveCfg = Debug|Any CPU
		{0541280E-D0B2-4626-9BCE-7DAF618E6BC0}.Debug|Any CPU.Build.0 = Debug|Any CPU
		{0541280E-D0B2-4626-9BCE-7DAF618E6BC0}.Release|Any CPU.ActiveCfg = Release|Any CPU
		{0541280E-D0B2-4626-9BCE-7DAF618E6BC0}.Release|Any CPU.Build.0 = Release|Any CPU
		{531DB150-0C22-4EF5-97F2-72B0843891B5}.Debug|Any CPU.ActiveCfg = Debug|Any CPU
		{531DB150-0C22-4EF5-97F2-72B0843891B5}.Debug|Any CPU.Build.0 = Debug|Any CPU
		{531DB150-0C22-4EF5-97F2-72B0843891B5}.Release|Any CPU.ActiveCfg = Release|Any CPU
		{531DB150-0C22-4EF5-97F2-72B0843891B5}.Release|Any CPU.Build.0 = Release|Any CPU
	EndGlobalSection
	GlobalSection(SolutionProperties) = preSolution
		HideSolutionNode = FALSE
	EndGlobalSection
	GlobalSection(ExtensibilityGlobals) = postSolution
		SolutionGuid = {89DCD21A-23E7-44B9-887A-1F0D4347940F}
	EndGlobalSection
EndGlobal
